
Microsoft Visual Studio Solution File, Format Version 12.00
# Visual Studio Version 17
VisualStudioVersion = 17.8.34309.116
MinimumVisualStudioVersion = 10.0.40219.1
Project("{FAE04EC0-301F-11D3-BF4B-00C04F79EFBC}") = "TestCase", "TestCase\TestCase.csproj", "{53F1A91D-9983-4391-B359-FE62D00E9DA1}"
EndProject
Global
	GlobalSection(SolutionConfigurationPlatforms) = preSolution
		Debug|Any CPU = Debug|Any CPU
		Release|Any CPU = Release|Any CPU
	EndGlobalSection
	GlobalSection(ProjectConfigurationPlatforms) = postSolution
		{53F1A91D-9983-4391-B359-FE62D00E9DA1}.Debug|Any CPU.ActiveCfg = Debug|Any CPU
		{53F1A91D-9983-4391-B359-FE62D00E9DA1}.Debug|Any CPU.Build.0 = Debug|Any CPU
		{53F1A91D-9983-4391-B359-FE62D00E9DA1}.Release|Any CPU.ActiveCfg = Release|Any CPU
		{53F1A91D-9983-4391-B359-FE62D00E9DA1}.Release|Any CPU.Build.0 = Release|Any CPU
	EndGlobalSection
	GlobalSection(SolutionProperties) = preSolution
		HideSolutionNode = FALSE
	EndGlobalSection
	GlobalSection(ExtensibilityGlobals) = postSolution
		SolutionGuid = {3624C0F2-917E-4FE0-B977-95B14A09AC1A}
	EndGlobalSection
EndGlobal
